// !$*UTF8*$!
{
	archiveVersion = 1;
	classes = {
	};
	objectVersion = 46;
	objects = {

/* Begin PBXBuildFile section */
		51CB1139231F605D0038F1BA /* LXDMXEthernetInterface.m in Sources */ = {isa = PBXBuildFile; fileRef = 51ABDC901D1EC36F00B45216 /* LXDMXEthernetInterface.m */; };
		51CB113A231F605D0038F1BA /* CTStatusReporter.m in Sources */ = {isa = PBXBuildFile; fileRef = 51D8CFE31D30056500633197 /* CTStatusReporter.m */; };
		51CB113B231F605D0038F1BA /* CTrgbLedView.m in Sources */ = {isa = PBXBuildFile; fileRef = 51B853A41D20821E00FB59ED /* CTrgbLedView.m */; };
		51CB113C231F605D0038F1BA /* CTUtility.m in Sources */ = {isa = PBXBuildFile; fileRef = 51ABDCA31D1F4CC300B45216 /* CTUtility.m */; };
		51CB113E231F605D0038F1BA /* main.m in Sources */ = {isa = PBXBuildFile; fileRef = 5160837F1D1D63DC0004ECF9 /* main.m */; };
		51CB113F231F605D0038F1BA /* LXDMXReceivedMessage.m in Sources */ = {isa = PBXBuildFile; fileRef = 51ABDC931D1EC3AC00B45216 /* LXDMXReceivedMessage.m */; };
		51CB1140231F605D0038F1BA /* AppDelegate.m in Sources */ = {isa = PBXBuildFile; fileRef = 5160837C1D1D63DC0004ECF9 /* AppDelegate.m */; };
		51CB1141231F605D0038F1BA /* LXOpenDMXInterface.m in Sources */ = {isa = PBXBuildFile; fileRef = 5160838D1D1D64A80004ECF9 /* LXOpenDMXInterface.m */; };
		51CB1142231F605D0038F1BA /* LXuDMXInterface.m in Sources */ = {isa = PBXBuildFile; fileRef = 51BC21E5231F01D9009A0BC0 /* LXuDMXInterface.m */; };
		51CB1143231F605D0038F1BA /* LXDMXEthernetConfig.m in Sources */ = {isa = PBXBuildFile; fileRef = 51900F6E1D23486900E7E692 /* LXDMXEthernetConfig.m */; };
		51CB1145231F605D0038F1BA /* libftd2xx.1.4.16.dylib in Frameworks */ = {isa = PBXBuildFile; fileRef = 516083981D1D77CA0004ECF9 /* libftd2xx.1.4.16.dylib */; settings = {ATTRIBUTES = (Weak, ); }; };
		51CB1146231F605D0038F1BA /* libusb-0.1.4.dylib in Frameworks */ = {isa = PBXBuildFile; fileRef = 51BC21E2231EFFBC009A0BC0 /* libusb-0.1.4.dylib */; settings = {ATTRIBUTES = (Weak, ); }; };
		51CB1148231F605D0038F1BA /* Assets.xcassets in Resources */ = {isa = PBXBuildFile; fileRef = 516083811D1D63DC0004ECF9 /* Assets.xcassets */; };
		51CB1149231F605D0038F1BA /* Credits.rtf in Resources */ = {isa = PBXBuildFile; fileRef = 51B853A01D201F2C00FB59ED /* Credits.rtf */; };
		51CB114A231F605D0038F1BA /* MainMenu.xib in Resources */ = {isa = PBXBuildFile; fileRef = 516083831D1D63DC0004ECF9 /* MainMenu.xib */; };
		51CB114B231F605D0038F1BA /* user_defaults.plist in Resources */ = {isa = PBXBuildFile; fileRef = 51D8CFE51D3006AF00633197 /* user_defaults.plist */; };
/* End PBXBuildFile section */

/* Begin PBXFileReference section */
		5160837B1D1D63DC0004ECF9 /* AppDelegate.h */ = {isa = PBXFileReference; lastKnownFileType = sourcecode.c.h; path = AppDelegate.h; sourceTree = "<group>"; };
		5160837C1D1D63DC0004ECF9 /* AppDelegate.m */ = {isa = PBXFileReference; lastKnownFileType = sourcecode.c.objc; path = AppDelegate.m; sourceTree = "<group>"; };
		5160837F1D1D63DC0004ECF9 /* main.m */ = {isa = PBXFileReference; lastKnownFileType = sourcecode.c.objc; path = main.m; sourceTree = "<group>"; };
		516083811D1D63DC0004ECF9 /* Assets.xcassets */ = {isa = PBXFileReference; lastKnownFileType = folder.assetcatalog; path = Assets.xcassets; sourceTree = "<group>"; };
		516083841D1D63DC0004ECF9 /* Base */ = {isa = PBXFileReference; lastKnownFileType = file.xib; name = Base; path = Base.lproj/MainMenu.xib; sourceTree = "<group>"; };
		516083861D1D63DC0004ECF9 /* Info.plist */ = {isa = PBXFileReference; lastKnownFileType = text.plist.xml; path = Info.plist; sourceTree = "<group>"; };
		5160838C1D1D64A80004ECF9 /* LXOpenDMXInterface.h */ = {isa = PBXFileReference; fileEncoding = 4; lastKnownFileType = sourcecode.c.h; path = LXOpenDMXInterface.h; sourceTree = "<group>"; };
		5160838D1D1D64A80004ECF9 /* LXOpenDMXInterface.m */ = {isa = PBXFileReference; fileEncoding = 4; lastKnownFileType = sourcecode.c.objc; path = LXOpenDMXInterface.m; sourceTree = "<group>"; };
		516083981D1D77CA0004ECF9 /* libftd2xx.1.4.16.dylib */ = {isa = PBXFileReference; lastKnownFileType = "compiled.mach-o.dylib"; name = libftd2xx.1.4.16.dylib; path = /usr/local/lib/libftd2xx.1.4.16.dylib; sourceTree = "<absolute>"; };
		5183AE7E2320032F002B3FB0 /* libftd2xx.1.4.16.dylib */ = {isa = PBXFileReference; lastKnownFileType = "compiled.mach-o.dylib"; name = libftd2xx.1.4.16.dylib; path = /usr/local/lib/libftd2xx.1.4.16.dylib; sourceTree = "<absolute>"; };
		51900F6C1D22EB7800E7E692 /* LXDMXCommonInclude.h */ = {isa = PBXFileReference; lastKnownFileType = sourcecode.c.h; path = LXDMXCommonInclude.h; sourceTree = "<group>"; };
		51900F6D1D23486900E7E692 /* LXDMXEthernetConfig.h */ = {isa = PBXFileReference; fileEncoding = 4; lastKnownFileType = sourcecode.c.h; path = LXDMXEthernetConfig.h; sourceTree = "<group>"; };
		51900F6E1D23486900E7E692 /* LXDMXEthernetConfig.m */ = {isa = PBXFileReference; fileEncoding = 4; lastKnownFileType = sourcecode.c.objc; path = LXDMXEthernetConfig.m; sourceTree = "<group>"; };
		51ABDC8F1D1EC36F00B45216 /* LXDMXEthernetInterface.h */ = {isa = PBXFileReference; fileEncoding = 4; lastKnownFileType = sourcecode.c.h; path = LXDMXEthernetInterface.h; sourceTree = "<group>"; };
		51ABDC901D1EC36F00B45216 /* LXDMXEthernetInterface.m */ = {isa = PBXFileReference; fileEncoding = 4; lastKnownFileType = sourcecode.c.objc; path = LXDMXEthernetInterface.m; sourceTree = "<group>"; };
		51ABDC921D1EC3AC00B45216 /* LXDMXReceivedMessage.h */ = {isa = PBXFileReference; fileEncoding = 4; lastKnownFileType = sourcecode.c.h; path = LXDMXReceivedMessage.h; sourceTree = "<group>"; };
		51ABDC931D1EC3AC00B45216 /* LXDMXReceivedMessage.m */ = {isa = PBXFileReference; fileEncoding = 4; lastKnownFileType = sourcecode.c.objc; path = LXDMXReceivedMessage.m; sourceTree = "<group>"; };
		51ABDCA21D1F4CC300B45216 /* CTUtility.h */ = {isa = PBXFileReference; fileEncoding = 4; lastKnownFileType = sourcecode.c.h; path = CTUtility.h; sourceTree = "<group>"; };
		51ABDCA31D1F4CC300B45216 /* CTUtility.m */ = {isa = PBXFileReference; fileEncoding = 4; lastKnownFileType = sourcecode.c.objc; path = CTUtility.m; sourceTree = "<group>"; };
		51B853A11D201F2C00FB59ED /* Base */ = {isa = PBXFileReference; lastKnownFileType = text.rtf; name = Base; path = Base.lproj/Credits.rtf; sourceTree = "<group>"; };
		51B853A31D20821E00FB59ED /* CTrgbLedView.h */ = {isa = PBXFileReference; fileEncoding = 4; lastKnownFileType = sourcecode.c.h; path = CTrgbLedView.h; sourceTree = "<group>"; };
		51B853A41D20821E00FB59ED /* CTrgbLedView.m */ = {isa = PBXFileReference; fileEncoding = 4; lastKnownFileType = sourcecode.c.objc; path = CTrgbLedView.m; sourceTree = "<group>"; };
		51BC21E2231EFFBC009A0BC0 /* libusb-0.1.4.dylib */ = {isa = PBXFileReference; lastKnownFileType = "compiled.mach-o.dylib"; name = "libusb-0.1.4.dylib"; path = "/usr/local/lib/libusb-0.1.4.dylib"; sourceTree = "<absolute>"; };
		51BC21E4231F01D9009A0BC0 /* LXuDMXInterface.h */ = {isa = PBXFileReference; lastKnownFileType = sourcecode.c.h; path = LXuDMXInterface.h; sourceTree = "<group>"; };
		51BC21E5231F01D9009A0BC0 /* LXuDMXInterface.m */ = {isa = PBXFileReference; lastKnownFileType = sourcecode.c.objc; path = LXuDMXInterface.m; sourceTree = "<group>"; };
		51BC21E7231F02C2009A0BC0 /* usb.h */ = {isa = PBXFileReference; fileEncoding = 4; lastKnownFileType = sourcecode.c.h; name = usb.h; path = "../../../../Documents/DevelopDocuments/usb/libusb-compat-0.1-master/libusb/usb.h"; sourceTree = "<group>"; };
		51CB1136231F5FFD0038F1BA /* LXNet2USBDMX.entitlements */ = {isa = PBXFileReference; lastKnownFileType = text.plist.entitlements; path = LXNet2USBDMX.entitlements; sourceTree = "<group>"; };
		51CB114F231F605D0038F1BA /* LXNet2USBDMX.app */ = {isa = PBXFileReference; explicitFileType = wrapper.application; includeInIndex = 0; path = LXNet2USBDMX.app; sourceTree = BUILT_PRODUCTS_DIR; };
		51CB1150231F605D0038F1BA /* LXNet2USBDMX copy-Info.plist */ = {isa = PBXFileReference; lastKnownFileType = text.plist.xml; name = "LXNet2USBDMX copy-Info.plist"; path = "/Users/claude/develop/dmx&osc/LXNet2OpenDMX/LXNet2USBDMX copy-Info.plist"; sourceTree = "<absolute>"; };
		51CE7A182385F81C0072536A /* WinTypes.h */ = {isa = PBXFileReference; fileEncoding = 4; lastKnownFileType = sourcecode.c.h; path = WinTypes.h; sourceTree = "<group>"; };
		51CE7A192385F8690072536A /* uDMX_cmds.h */ = {isa = PBXFileReference; fileEncoding = 4; lastKnownFileType = sourcecode.c.h; path = uDMX_cmds.h; sourceTree = "<group>"; };
		51D8CFE21D30056500633197 /* CTStatusReporter.h */ = {isa = PBXFileReference; fileEncoding = 4; lastKnownFileType = sourcecode.c.h; path = CTStatusReporter.h; sourceTree = "<group>"; };
		51D8CFE31D30056500633197 /* CTStatusReporter.m */ = {isa = PBXFileReference; fileEncoding = 4; lastKnownFileType = sourcecode.c.objc; path = CTStatusReporter.m; sourceTree = "<group>"; };
		51D8CFE51D3006AF00633197 /* user_defaults.plist */ = {isa = PBXFileReference; fileEncoding = 4; lastKnownFileType = text.plist.xml; path = user_defaults.plist; sourceTree = "<group>"; };
/* End PBXFileReference section */

/* Begin PBXFrameworksBuildPhase section */
		51CB1144231F605D0038F1BA /* Frameworks */ = {
			isa = PBXFrameworksBuildPhase;
			buildActionMask = 2147483647;
			files = (
				51CB1145231F605D0038F1BA /* libftd2xx.1.4.16.dylib in Frameworks */,
				51CB1146231F605D0038F1BA /* libusb-0.1.4.dylib in Frameworks */,
			);
			runOnlyForDeploymentPostprocessing = 0;
		};
/* End PBXFrameworksBuildPhase section */

/* Begin PBXGroup section */
		5160836F1D1D63DC0004ECF9 = {
			isa = PBXGroup;
			children = (
				51CB1136231F5FFD0038F1BA /* LXNet2USBDMX.entitlements */,
				516083981D1D77CA0004ECF9 /* libftd2xx.1.4.16.dylib */,
				5160837A1D1D63DC0004ECF9 /* LXNet2OpenDMX */,
				516083791D1D63DC0004ECF9 /* Products */,
				51BC21E1231EFFBC009A0BC0 /* Frameworks */,
				51CB1150231F605D0038F1BA /* LXNet2USBDMX copy-Info.plist */,
			);
			sourceTree = "<group>";
		};
		516083791D1D63DC0004ECF9 /* Products */ = {
			isa = PBXGroup;
			children = (
				51CB114F231F605D0038F1BA /* LXNet2USBDMX.app */,
			);
			name = Products;
			sourceTree = "<group>";
		};
		5160837A1D1D63DC0004ECF9 /* LXNet2OpenDMX */ = {
			isa = PBXGroup;
			children = (
				5160837B1D1D63DC0004ECF9 /* AppDelegate.h */,
				5160837C1D1D63DC0004ECF9 /* AppDelegate.m */,
				5160838C1D1D64A80004ECF9 /* LXOpenDMXInterface.h */,
				5160838D1D1D64A80004ECF9 /* LXOpenDMXInterface.m */,
				51BC21E4231F01D9009A0BC0 /* LXuDMXInterface.h */,
				51BC21E5231F01D9009A0BC0 /* LXuDMXInterface.m */,
				51ABDC8F1D1EC36F00B45216 /* LXDMXEthernetInterface.h */,
				51ABDC901D1EC36F00B45216 /* LXDMXEthernetInterface.m */,
				51900F6D1D23486900E7E692 /* LXDMXEthernetConfig.h */,
				51900F6E1D23486900E7E692 /* LXDMXEthernetConfig.m */,
				51ABDC921D1EC3AC00B45216 /* LXDMXReceivedMessage.h */,
				51ABDC931D1EC3AC00B45216 /* LXDMXReceivedMessage.m */,
				51900F6C1D22EB7800E7E692 /* LXDMXCommonInclude.h */,
				51CE7A182385F81C0072536A /* WinTypes.h */,
				51ABDCA21D1F4CC300B45216 /* CTUtility.h */,
				51ABDCA31D1F4CC300B45216 /* CTUtility.m */,
				51D8CFE21D30056500633197 /* CTStatusReporter.h */,
				51D8CFE31D30056500633197 /* CTStatusReporter.m */,
				51B853A31D20821E00FB59ED /* CTrgbLedView.h */,
				51B853A41D20821E00FB59ED /* CTrgbLedView.m */,
				51BC21E7231F02C2009A0BC0 /* usb.h */,
				51CE7A192385F8690072536A /* uDMX_cmds.h */,
				516083811D1D63DC0004ECF9 /* Assets.xcassets */,
				516083831D1D63DC0004ECF9 /* MainMenu.xib */,
				51B853A01D201F2C00FB59ED /* Credits.rtf */,
				516083861D1D63DC0004ECF9 /* Info.plist */,
				51D8CFE51D3006AF00633197 /* user_defaults.plist */,
				5160837E1D1D63DC0004ECF9 /* Supporting Files */,
			);
			path = LXNet2OpenDMX;
			sourceTree = "<group>";
		};
		5160837E1D1D63DC0004ECF9 /* Supporting Files */ = {
			isa = PBXGroup;
			children = (
				5160837F1D1D63DC0004ECF9 /* main.m */,
			);
			name = "Supporting Files";
			sourceTree = "<group>";
		};
		51BC21E1231EFFBC009A0BC0 /* Frameworks */ = {
			isa = PBXGroup;
			children = (
				5183AE7E2320032F002B3FB0 /* libftd2xx.1.4.16.dylib */,
				51BC21E2231EFFBC009A0BC0 /* libusb-0.1.4.dylib */,
			);
			name = Frameworks;
			sourceTree = "<group>";
		};
/* End PBXGroup section */

/* Begin PBXNativeTarget section */
		51CB1137231F605D0038F1BA /* LXNet2USBDMX */ = {
			isa = PBXNativeTarget;
			buildConfigurationList = 51CB114C231F605D0038F1BA /* Build configuration list for PBXNativeTarget "LXNet2USBDMX" */;
			buildPhases = (
				51CB1138231F605D0038F1BA /* Sources */,
				51CB1144231F605D0038F1BA /* Frameworks */,
				51CB1147231F605D0038F1BA /* Resources */,
			);
			buildRules = (
			);
			dependencies = (
			);
			name = LXNet2USBDMX;
			productName = LXNet2OpenDMX;
			productReference = 51CB114F231F605D0038F1BA /* LXNet2USBDMX.app */;
			productType = "com.apple.product-type.application";
		};
/* End PBXNativeTarget section */

/* Begin PBXProject section */
		516083701D1D63DC0004ECF9 /* Project object */ = {
			isa = PBXProject;
			attributes = {
				LastUpgradeCheck = 1250;
				ORGANIZATIONNAME = "Claude Heintz";
				TargetAttributes = {
					51CB1137231F605D0038F1BA = {
						DevelopmentTeam = T95243XU48;
						SystemCapabilities = {
							com.apple.HardenedRuntime = {
								enabled = 1;
							};
						};
					};
				};
			};
			buildConfigurationList = 516083731D1D63DC0004ECF9 /* Build configuration list for PBXProject "LXNet2USBDMX" */;
			compatibilityVersion = "Xcode 3.2";
			developmentRegion = en;
			hasScannedForEncodings = 0;
			knownRegions = (
				en,
				Base,
			);
			mainGroup = 5160836F1D1D63DC0004ECF9;
			productRefGroup = 516083791D1D63DC0004ECF9 /* Products */;
			projectDirPath = "";
			projectRoot = "";
			targets = (
				51CB1137231F605D0038F1BA /* LXNet2USBDMX */,
			);
		};
/* End PBXProject section */

/* Begin PBXResourcesBuildPhase section */
		51CB1147231F605D0038F1BA /* Resources */ = {
			isa = PBXResourcesBuildPhase;
			buildActionMask = 2147483647;
			files = (
				51CB1148231F605D0038F1BA /* Assets.xcassets in Resources */,
				51CB1149231F605D0038F1BA /* Credits.rtf in Resources */,
				51CB114A231F605D0038F1BA /* MainMenu.xib in Resources */,
				51CB114B231F605D0038F1BA /* user_defaults.plist in Resources */,
			);
			runOnlyForDeploymentPostprocessing = 0;
		};
/* End PBXResourcesBuildPhase section */

/* Begin PBXSourcesBuildPhase section */
		51CB1138231F605D0038F1BA /* Sources */ = {
			isa = PBXSourcesBuildPhase;
			buildActionMask = 2147483647;
			files = (
				51CB1139231F605D0038F1BA /* LXDMXEthernetInterface.m in Sources */,
				51CB113A231F605D0038F1BA /* CTStatusReporter.m in Sources */,
				51CB113B231F605D0038F1BA /* CTrgbLedView.m in Sources */,
				51CB113C231F605D0038F1BA /* CTUtility.m in Sources */,
				51CB113E231F605D0038F1BA /* main.m in Sources */,
				51CB113F231F605D0038F1BA /* LXDMXReceivedMessage.m in Sources */,
				51CB1140231F605D0038F1BA /* AppDelegate.m in Sources */,
				51CB1141231F605D0038F1BA /* LXOpenDMXInterface.m in Sources */,
				51CB1142231F605D0038F1BA /* LXuDMXInterface.m in Sources */,
				51CB1143231F605D0038F1BA /* LXDMXEthernetConfig.m in Sources */,
			);
			runOnlyForDeploymentPostprocessing = 0;
		};
/* End PBXSourcesBuildPhase section */

/* Begin PBXVariantGroup section */
		516083831D1D63DC0004ECF9 /* MainMenu.xib */ = {
			isa = PBXVariantGroup;
			children = (
				516083841D1D63DC0004ECF9 /* Base */,
			);
			name = MainMenu.xib;
			sourceTree = "<group>";
		};
		51B853A01D201F2C00FB59ED /* Credits.rtf */ = {
			isa = PBXVariantGroup;
			children = (
				51B853A11D201F2C00FB59ED /* Base */,
			);
			name = Credits.rtf;
			sourceTree = "<group>";
		};
/* End PBXVariantGroup section */

/* Begin XCBuildConfiguration section */
		516083871D1D63DC0004ECF9 /* Debug */ = {
			isa = XCBuildConfiguration;
			buildSettings = {
				ALWAYS_SEARCH_USER_PATHS = NO;
				CLANG_ANALYZER_LOCALIZABILITY_NONLOCALIZED = YES;
				CLANG_ANALYZER_NONNULL = YES;
				CLANG_CXX_LANGUAGE_STANDARD = "gnu++0x";
				CLANG_CXX_LIBRARY = "libc++";
				CLANG_ENABLE_MODULES = YES;
				CLANG_ENABLE_OBJC_ARC = YES;
				CLANG_WARN_BLOCK_CAPTURE_AUTORELEASING = YES;
				CLANG_WARN_BOOL_CONVERSION = YES;
				CLANG_WARN_COMMA = YES;
				CLANG_WARN_CONSTANT_CONVERSION = YES;
				CLANG_WARN_DEPRECATED_OBJC_IMPLEMENTATIONS = YES;
				CLANG_WARN_DIRECT_OBJC_ISA_USAGE = YES_ERROR;
				CLANG_WARN_EMPTY_BODY = YES;
				CLANG_WARN_ENUM_CONVERSION = YES;
				CLANG_WARN_INFINITE_RECURSION = YES;
				CLANG_WARN_INT_CONVERSION = YES;
				CLANG_WARN_NON_LITERAL_NULL_CONVERSION = YES;
				CLANG_WARN_OBJC_IMPLICIT_RETAIN_SELF = YES;
				CLANG_WARN_OBJC_LITERAL_CONVERSION = YES;
				CLANG_WARN_OBJC_ROOT_CLASS = YES_ERROR;
				CLANG_WARN_QUOTED_INCLUDE_IN_FRAMEWORK_HEADER = YES;
				CLANG_WARN_RANGE_LOOP_ANALYSIS = YES;
				CLANG_WARN_STRICT_PROTOTYPES = YES;
				CLANG_WARN_SUSPICIOUS_MOVE = YES;
				CLANG_WARN_UNREACHABLE_CODE = YES;
				CLANG_WARN__DUPLICATE_METHOD_MATCH = YES;
				CODE_SIGN_IDENTITY = "-";
				COPY_PHASE_STRIP = NO;
				DEBUG_INFORMATION_FORMAT = dwarf;
				ENABLE_STRICT_OBJC_MSGSEND = YES;
				ENABLE_TESTABILITY = YES;
				FRAMEWORK_SEARCH_PATHS = /usr/local/lib;
				GCC_C_LANGUAGE_STANDARD = gnu99;
				GCC_DYNAMIC_NO_PIC = NO;
				GCC_NO_COMMON_BLOCKS = YES;
				GCC_OPTIMIZATION_LEVEL = 0;
				GCC_PREPROCESSOR_DEFINITIONS = (
					"DEBUG=1",
					"$(inherited)",
				);
				GCC_WARN_64_TO_32_BIT_CONVERSION = YES;
				GCC_WARN_ABOUT_RETURN_TYPE = YES_ERROR;
				GCC_WARN_UNDECLARED_SELECTOR = YES;
				GCC_WARN_UNINITIALIZED_AUTOS = YES_AGGRESSIVE;
				GCC_WARN_UNUSED_FUNCTION = YES;
				GCC_WARN_UNUSED_VARIABLE = YES;
				LIBRARY_SEARCH_PATHS = /usr/local/lib;
				MACOSX_DEPLOYMENT_TARGET = 10.9;
				MTL_ENABLE_DEBUG_INFO = YES;
				ONLY_ACTIVE_ARCH = YES;
				SDKROOT = macosx;
			};
			name = Debug;
		};
		516083881D1D63DC0004ECF9 /* Release */ = {
			isa = XCBuildConfiguration;
			buildSettings = {
				ALWAYS_SEARCH_USER_PATHS = NO;
				CLANG_ANALYZER_LOCALIZABILITY_NONLOCALIZED = YES;
				CLANG_ANALYZER_NONNULL = YES;
				CLANG_CXX_LANGUAGE_STANDARD = "gnu++0x";
				CLANG_CXX_LIBRARY = "libc++";
				CLANG_ENABLE_MODULES = YES;
				CLANG_ENABLE_OBJC_ARC = YES;
				CLANG_WARN_BLOCK_CAPTURE_AUTORELEASING = YES;
				CLANG_WARN_BOOL_CONVERSION = YES;
				CLANG_WARN_COMMA = YES;
				CLANG_WARN_CONSTANT_CONVERSION = YES;
				CLANG_WARN_DEPRECATED_OBJC_IMPLEMENTATIONS = YES;
				CLANG_WARN_DIRECT_OBJC_ISA_USAGE = YES_ERROR;
				CLANG_WARN_EMPTY_BODY = YES;
				CLANG_WARN_ENUM_CONVERSION = YES;
				CLANG_WARN_INFINITE_RECURSION = YES;
				CLANG_WARN_INT_CONVERSION = YES;
				CLANG_WARN_NON_LITERAL_NULL_CONVERSION = YES;
				CLANG_WARN_OBJC_IMPLICIT_RETAIN_SELF = YES;
				CLANG_WARN_OBJC_LITERAL_CONVERSION = YES;
				CLANG_WARN_OBJC_ROOT_CLASS = YES_ERROR;
				CLANG_WARN_QUOTED_INCLUDE_IN_FRAMEWORK_HEADER = YES;
				CLANG_WARN_RANGE_LOOP_ANALYSIS = YES;
				CLANG_WARN_STRICT_PROTOTYPES = YES;
				CLANG_WARN_SUSPICIOUS_MOVE = YES;
				CLANG_WARN_UNREACHABLE_CODE = YES;
				CLANG_WARN__DUPLICATE_METHOD_MATCH = YES;
				CODE_SIGN_IDENTITY = "-";
				COPY_PHASE_STRIP = NO;
				DEBUG_INFORMATION_FORMAT = "dwarf-with-dsym";
				ENABLE_NS_ASSERTIONS = NO;
				ENABLE_STRICT_OBJC_MSGSEND = YES;
				FRAMEWORK_SEARCH_PATHS = /usr/local/lib;
				GCC_C_LANGUAGE_STANDARD = gnu99;
				GCC_NO_COMMON_BLOCKS = YES;
				GCC_WARN_64_TO_32_BIT_CONVERSION = YES;
				GCC_WARN_ABOUT_RETURN_TYPE = YES_ERROR;
				GCC_WARN_UNDECLARED_SELECTOR = YES;
				GCC_WARN_UNINITIALIZED_AUTOS = YES_AGGRESSIVE;
				GCC_WARN_UNUSED_FUNCTION = YES;
				GCC_WARN_UNUSED_VARIABLE = YES;
				LIBRARY_SEARCH_PATHS = /usr/local/lib;
				MACOSX_DEPLOYMENT_TARGET = 10.9;
				MTL_ENABLE_DEBUG_INFO = NO;
				SDKROOT = macosx;
			};
			name = Release;
		};
		51CB114D231F605D0038F1BA /* Debug */ = {
			isa = XCBuildConfiguration;
			buildSettings = {
				ASSETCATALOG_COMPILER_APPICON_NAME = AppIcon;
				CODE_SIGN_ENTITLEMENTS = LXNet2USBDMX.entitlements;
				CODE_SIGN_IDENTITY = "Mac Developer";
				COMBINE_HIDPI_IMAGES = YES;
				CURRENT_PROJECT_VERSION = 210606.1;
				DEVELOPMENT_TEAM = T95243XU48;
				ENABLE_HARDENED_RUNTIME = YES;
				FRAMEWORK_SEARCH_PATHS = /usr/local/lib;
				INFOPLIST_FILE = "LXNet2USBDMX copy-Info.plist";
				LD_RUNPATH_SEARCH_PATHS = "$(inherited) @executable_path/../Frameworks";
				LIBRARY_SEARCH_PATHS = /usr/local/lib;
				MACOSX_DEPLOYMENT_TARGET = 10.14;
				MARKETING_VERSION = 1.0.1;
				OTHER_LDFLAGS = "";
				PRODUCT_BUNDLE_IDENTIFIER = com.claudeheintzdesign.LXNet2USBDMX;
				PRODUCT_NAME = "$(TARGET_NAME)";
			};
			name = Debug;
		};
		51CB114E231F605D0038F1BA /* Release */ = {
			isa = XCBuildConfiguration;
			buildSettings = {
				ASSETCATALOG_COMPILER_APPICON_NAME = AppIcon;
				CODE_SIGN_ENTITLEMENTS = LXNet2USBDMX.entitlements;
				CODE_SIGN_IDENTITY = "Mac Developer";
				COMBINE_HIDPI_IMAGES = YES;
				CURRENT_PROJECT_VERSION = 210606.1;
				DEVELOPMENT_TEAM = T95243XU48;
				ENABLE_HARDENED_RUNTIME = YES;
				FRAMEWORK_SEARCH_PATHS = /usr/local/lib;
				INFOPLIST_FILE = "LXNet2USBDMX copy-Info.plist";
				LD_RUNPATH_SEARCH_PATHS = "$(inherited) @executable_path/../Frameworks";
				LIBRARY_SEARCH_PATHS = /usr/local/lib;
				MACOSX_DEPLOYMENT_TARGET = 10.14;
				MARKETING_VERSION = 1.0.1;
				ONLY_ACTIVE_ARCH = YES;
				OTHER_LDFLAGS = "";
				PRODUCT_BUNDLE_IDENTIFIER = com.claudeheintzdesign.LXNet2USBDMX;
				PRODUCT_NAME = "$(TARGET_NAME)";
			};
			name = Release;
		};
/* End XCBuildConfiguration section */

/* Begin XCConfigurationList section */
		516083731D1D63DC0004ECF9 /* Build configuration list for PBXProject "LXNet2USBDMX" */ = {
			isa = XCConfigurationList;
			buildConfigurations = (
				516083871D1D63DC0004ECF9 /* Debug */,
				516083881D1D63DC0004ECF9 /* Release */,
			);
			defaultConfigurationIsVisible = 0;
			defaultConfigurationName = Release;
		};
		51CB114C231F605D0038F1BA /* Build configuration list for PBXNativeTarget "LXNet2USBDMX" */ = {
			isa = XCConfigurationList;
			buildConfigurations = (
				51CB114D231F605D0038F1BA /* Debug */,
				51CB114E231F605D0038F1BA /* Release */,
			);
			defaultConfigurationIsVisible = 0;
			defaultConfigurationName = Release;
		};
/* End XCConfigurationList section */
	};
	rootObject = 516083701D1D63DC0004ECF9 /* Project object */;
}
